
Microsoft Visual Studio Solution File, Format Version 12.00
# Visual Studio Version 16
VisualStudioVersion = 16.0.33529.622
MinimumVisualStudioVersion = 10.0.40219.1
Project("{FAE04EC0-301F-11D3-BF4B-00C04F79EFBC}") = "OOP  3.1", "OOP  3.1\OOP  3.1.csproj", "{0B24EDEF-1CDB-4448-85E1-36C0516E1E0B}"
EndProject
Project("{FAE04EC0-301F-11D3-BF4B-00C04F79EFBC}") = "OOP LR 3.2", "OOP LR 3.2\OOP LR 3.2.csproj", "{E6E8659D-C440-4026-A8BB-B9E41544B368}"
EndProject
Project("{FAE04EC0-301F-11D3-BF4B-00C04F79EFBC}") = "OOP LR 3.3", "OOP LR 3.3\OOP LR 3.3.csproj", "{C5053A1A-87EB-473A-93AB-58E6895CFAC0}"
EndProject
Project("{FAE04EC0-301F-11D3-BF4B-00C04F79EFBC}") = "OOP LR 3.4", "OOP LR 3.4\OOP LR 3.4.csproj", "{476A6AA1-4AB0-4FAE-8938-0FA00E5D9BF2}"
EndProject
Global
	GlobalSection(SolutionConfigurationPlatforms) = preSolution
		Debug|Any CPU = Debug|Any CPU
		Release|Any CPU = Release|Any CPU
	EndGlobalSection
	GlobalSection(ProjectConfigurationPlatforms) = postSolution
		{0B24EDEF-1CDB-4448-85E1-36C0516E1E0B}.Debug|Any CPU.ActiveCfg = Debug|Any CPU
		{0B24EDEF-1CDB-4448-85E1-36C0516E1E0B}.Debug|Any CPU.Build.0 = Debug|Any CPU
		{0B24EDEF-1CDB-4448-85E1-36C0516E1E0B}.Release|Any CPU.ActiveCfg = Release|Any CPU
		{0B24EDEF-1CDB-4448-85E1-36C0516E1E0B}.Release|Any CPU.Build.0 = Release|Any CPU
		{E6E8659D-C440-4026-A8BB-B9E41544B368}.Debug|Any CPU.ActiveCfg = Debug|Any CPU
		{E6E8659D-C440-4026-A8BB-B9E41544B368}.Debug|Any CPU.Build.0 = Debug|Any CPU
		{E6E8659D-C440-4026-A8BB-B9E41544B368}.Release|Any CPU.ActiveCfg = Release|Any CPU
		{E6E8659D-C440-4026-A8BB-B9E41544B368}.Release|Any CPU.Build.0 = Release|Any CPU
		{C5053A1A-87EB-473A-93AB-58E6895CFAC0}.Debug|Any CPU.ActiveCfg = Debug|Any CPU
		{C5053A1A-87EB-473A-93AB-58E6895CFAC0}.Debug|Any CPU.Build.0 = Debug|Any CPU
		{C5053A1A-87EB-473A-93AB-58E6895CFAC0}.Release|Any CPU.ActiveCfg = Release|Any CPU
		{C5053A1A-87EB-473A-93AB-58E6895CFAC0}.Release|Any CPU.Build.0 = Release|Any CPU
		{476A6AA1-4AB0-4FAE-8938-0FA00E5D9BF2}.Debug|Any CPU.ActiveCfg = Debug|Any CPU
		{476A6AA1-4AB0-4FAE-8938-0FA00E5D9BF2}.Debug|Any CPU.Build.0 = Debug|Any CPU
		{476A6AA1-4AB0-4FAE-8938-0FA00E5D9BF2}.Release|Any CPU.ActiveCfg = Release|Any CPU
		{476A6AA1-4AB0-4FAE-8938-0FA00E5D9BF2}.Release|Any CPU.Build.0 = Release|Any CPU
	EndGlobalSection
	GlobalSection(SolutionProperties) = preSolution
		HideSolutionNode = FALSE
	EndGlobalSection
	GlobalSection(ExtensibilityGlobals) = postSolution
		SolutionGuid = {CC55E017-35A6-4FD7-90D2-E4B2758CBC0E}
	EndGlobalSection
EndGlobal
